// !$*UTF8*$!
{
	archiveVersion = 1;
	classes = {
	};
	objectVersion = 50;
	objects = {

/* Begin PBXBuildFile section */
		EE0B096424A01E17003772F2 /* LoginController.swift in Sources */ = {isa = PBXBuildFile; fileRef = EE0B096324A01E17003772F2 /* LoginController.swift */; };
		EE0B096624A01EAF003772F2 /* RegistrationController.swift in Sources */ = {isa = PBXBuildFile; fileRef = EE0B096524A01EAF003772F2 /* RegistrationController.swift */; };
		EE0B096824A02403003772F2 /* Utilities.swift in Sources */ = {isa = PBXBuildFile; fileRef = EE0B096724A02403003772F2 /* Utilities.swift */; };
		EEE08AAE249E94B900256C6D /* AppDelegate.swift in Sources */ = {isa = PBXBuildFile; fileRef = EEE08AAD249E94B900256C6D /* AppDelegate.swift */; };
		EEE08AB0249E94B900256C6D /* SceneDelegate.swift in Sources */ = {isa = PBXBuildFile; fileRef = EEE08AAF249E94B900256C6D /* SceneDelegate.swift */; };
		EEE08AB5249E94B900256C6D /* Main.storyboard in Resources */ = {isa = PBXBuildFile; fileRef = EEE08AB3249E94B900256C6D /* Main.storyboard */; };
		EEE08AB7249E94BC00256C6D /* Assets.xcassets in Resources */ = {isa = PBXBuildFile; fileRef = EEE08AB6249E94BC00256C6D /* Assets.xcassets */; };
		EEE08ABA249E94BC00256C6D /* LaunchScreen.storyboard in Resources */ = {isa = PBXBuildFile; fileRef = EEE08AB8249E94BC00256C6D /* LaunchScreen.storyboard */; };
		EEE08AC8249E95CF00256C6D /* MainTabController.swift in Sources */ = {isa = PBXBuildFile; fileRef = EEE08AC7249E95CF00256C6D /* MainTabController.swift */; };
		EEE08ACA249E982200256C6D /* FeedController.swift in Sources */ = {isa = PBXBuildFile; fileRef = EEE08AC9249E982200256C6D /* FeedController.swift */; };
		EEE08ACC249E986E00256C6D /* ExploreController.swift in Sources */ = {isa = PBXBuildFile; fileRef = EEE08ACB249E986E00256C6D /* ExploreController.swift */; };
		EEE08ACE249E987C00256C6D /* NotificationsController.swift in Sources */ = {isa = PBXBuildFile; fileRef = EEE08ACD249E987C00256C6D /* NotificationsController.swift */; };
		EEE08AD0249E988B00256C6D /* ConversationsController.swift in Sources */ = {isa = PBXBuildFile; fileRef = EEE08ACF249E988B00256C6D /* ConversationsController.swift */; };
		EEE08AD2249EA0DD00256C6D /* Extensions.swift in Sources */ = {isa = PBXBuildFile; fileRef = EEE08AD1249EA0DD00256C6D /* Extensions.swift */; };
/* End PBXBuildFile section */

/* Begin PBXFileReference section */
		EE0B096324A01E17003772F2 /* LoginController.swift */ = {isa = PBXFileReference; lastKnownFileType = sourcecode.swift; path = LoginController.swift; sourceTree = "<group>"; };
		EE0B096524A01EAF003772F2 /* RegistrationController.swift */ = {isa = PBXFileReference; lastKnownFileType = sourcecode.swift; path = RegistrationController.swift; sourceTree = "<group>"; };
		EE0B096724A02403003772F2 /* Utilities.swift */ = {isa = PBXFileReference; lastKnownFileType = sourcecode.swift; path = Utilities.swift; sourceTree = "<group>"; };
		EEE08AAA249E94B900256C6D /* TwitterClone.app */ = {isa = PBXFileReference; explicitFileType = wrapper.application; includeInIndex = 0; path = TwitterClone.app; sourceTree = BUILT_PRODUCTS_DIR; };
		EEE08AAD249E94B900256C6D /* AppDelegate.swift */ = {isa = PBXFileReference; lastKnownFileType = sourcecode.swift; path = AppDelegate.swift; sourceTree = "<group>"; };
		EEE08AAF249E94B900256C6D /* SceneDelegate.swift */ = {isa = PBXFileReference; lastKnownFileType = sourcecode.swift; path = SceneDelegate.swift; sourceTree = "<group>"; };
		EEE08AB4249E94B900256C6D /* Base */ = {isa = PBXFileReference; lastKnownFileType = file.storyboard; name = Base; path = Base.lproj/Main.storyboard; sourceTree = "<group>"; };
		EEE08AB6249E94BC00256C6D /* Assets.xcassets */ = {isa = PBXFileReference; lastKnownFileType = folder.assetcatalog; path = Assets.xcassets; sourceTree = "<group>"; };
		EEE08AB9249E94BC00256C6D /* Base */ = {isa = PBXFileReference; lastKnownFileType = file.storyboard; name = Base; path = Base.lproj/LaunchScreen.storyboard; sourceTree = "<group>"; };
		EEE08ABB249E94BC00256C6D /* Info.plist */ = {isa = PBXFileReference; lastKnownFileType = text.plist.xml; path = Info.plist; sourceTree = "<group>"; };
		EEE08AC7249E95CF00256C6D /* MainTabController.swift */ = {isa = PBXFileReference; lastKnownFileType = sourcecode.swift; path = MainTabController.swift; sourceTree = "<group>"; };
		EEE08AC9249E982200256C6D /* FeedController.swift */ = {isa = PBXFileReference; lastKnownFileType = sourcecode.swift; path = FeedController.swift; sourceTree = "<group>"; };
		EEE08ACB249E986E00256C6D /* ExploreController.swift */ = {isa = PBXFileReference; lastKnownFileType = sourcecode.swift; path = ExploreController.swift; sourceTree = "<group>"; };
		EEE08ACD249E987C00256C6D /* NotificationsController.swift */ = {isa = PBXFileReference; lastKnownFileType = sourcecode.swift; path = NotificationsController.swift; sourceTree = "<group>"; };
		EEE08ACF249E988B00256C6D /* ConversationsController.swift */ = {isa = PBXFileReference; lastKnownFileType = sourcecode.swift; path = ConversationsController.swift; sourceTree = "<group>"; };
		EEE08AD1249EA0DD00256C6D /* Extensions.swift */ = {isa = PBXFileReference; lastKnownFileType = sourcecode.swift; path = Extensions.swift; sourceTree = "<group>"; };
/* End PBXFileReference section */

/* Begin PBXFrameworksBuildPhase section */
		EEE08AA7249E94B900256C6D /* Frameworks */ = {
			isa = PBXFrameworksBuildPhase;
			buildActionMask = 2147483647;
			files = (
			);
			runOnlyForDeploymentPostprocessing = 0;
		};
/* End PBXFrameworksBuildPhase section */

/* Begin PBXGroup section */
		EE0B096224A01DF4003772F2 /* Authentication */ = {
			isa = PBXGroup;
			children = (
				EE0B096324A01E17003772F2 /* LoginController.swift */,
				EE0B096524A01EAF003772F2 /* RegistrationController.swift */,
			);
			path = Authentication;
			sourceTree = "<group>";
		};
		EEE08AA1249E94B900256C6D = {
			isa = PBXGroup;
			children = (
				EEE08AAC249E94B900256C6D /* TwitterClone */,
				EEE08AAB249E94B900256C6D /* Products */,
			);
			sourceTree = "<group>";
		};
		EEE08AAB249E94B900256C6D /* Products */ = {
			isa = PBXGroup;
			children = (
				EEE08AAA249E94B900256C6D /* TwitterClone.app */,
			);
			name = Products;
			sourceTree = "<group>";
		};
		EEE08AAC249E94B900256C6D /* TwitterClone */ = {
			isa = PBXGroup;
			children = (
				EEE08AC6249E950000256C6D /* Model */,
				EEE08AC5249E94FE00256C6D /* View */,
				EEE08AC4249E94FB00256C6D /* ViewModel */,
				EEE08AC3249E94F800256C6D /* Controller */,
				EEE08AC2249E94F400256C6D /* API */,
				EEE08AC1249E94EA00256C6D /* Utils */,
				EEE08AAD249E94B900256C6D /* AppDelegate.swift */,
				EEE08AAF249E94B900256C6D /* SceneDelegate.swift */,
				EEE08AB3249E94B900256C6D /* Main.storyboard */,
				EEE08AB6249E94BC00256C6D /* Assets.xcassets */,
				EEE08AB8249E94BC00256C6D /* LaunchScreen.storyboard */,
				EEE08ABB249E94BC00256C6D /* Info.plist */,
			);
			path = TwitterClone;
			sourceTree = "<group>";
		};
		EEE08AC1249E94EA00256C6D /* Utils */ = {
			isa = PBXGroup;
			children = (
				EEE08AD1249EA0DD00256C6D /* Extensions.swift */,
				EE0B096724A02403003772F2 /* Utilities.swift */,
			);
			path = Utils;
			sourceTree = "<group>";
		};
		EEE08AC2249E94F400256C6D /* API */ = {
			isa = PBXGroup;
			children = (
			);
			path = API;
			sourceTree = "<group>";
		};
		EEE08AC3249E94F800256C6D /* Controller */ = {
			isa = PBXGroup;
			children = (
				EE0B096224A01DF4003772F2 /* Authentication */,
				EEE08AC7249E95CF00256C6D /* MainTabController.swift */,
				EEE08AC9249E982200256C6D /* FeedController.swift */,
				EEE08ACB249E986E00256C6D /* ExploreController.swift */,
				EEE08ACD249E987C00256C6D /* NotificationsController.swift */,
				EEE08ACF249E988B00256C6D /* ConversationsController.swift */,
			);
			path = Controller;
			sourceTree = "<group>";
		};
		EEE08AC4249E94FB00256C6D /* ViewModel */ = {
			isa = PBXGroup;
			children = (
			);
			path = ViewModel;
			sourceTree = "<group>";
		};
		EEE08AC5249E94FE00256C6D /* View */ = {
			isa = PBXGroup;
			children = (
			);
			path = View;
			sourceTree = "<group>";
		};
		EEE08AC6249E950000256C6D /* Model */ = {
			isa = PBXGroup;
			children = (
			);
			path = Model;
			sourceTree = "<group>";
		};
/* End PBXGroup section */

/* Begin PBXNativeTarget section */
		EEE08AA9249E94B900256C6D /* TwitterClone */ = {
			isa = PBXNativeTarget;
			buildConfigurationList = EEE08ABE249E94BC00256C6D /* Build configuration list for PBXNativeTarget "TwitterClone" */;
			buildPhases = (
				EEE08AA6249E94B900256C6D /* Sources */,
				EEE08AA7249E94B900256C6D /* Frameworks */,
				EEE08AA8249E94B900256C6D /* Resources */,
			);
			buildRules = (
			);
			dependencies = (
			);
			name = TwitterClone;
			productName = TwitterClone;
			productReference = EEE08AAA249E94B900256C6D /* TwitterClone.app */;
			productType = "com.apple.product-type.application";
		};
/* End PBXNativeTarget section */

/* Begin PBXProject section */
		EEE08AA2249E94B900256C6D /* Project object */ = {
			isa = PBXProject;
			attributes = {
				LastSwiftUpdateCheck = 1150;
				LastUpgradeCheck = 1150;
				ORGANIZATIONNAME = "Apurva Deshmukh";
				TargetAttributes = {
					EEE08AA9249E94B900256C6D = {
						CreatedOnToolsVersion = 11.5;
					};
				};
			};
			buildConfigurationList = EEE08AA5249E94B900256C6D /* Build configuration list for PBXProject "TwitterClone" */;
			compatibilityVersion = "Xcode 9.3";
			developmentRegion = en;
			hasScannedForEncodings = 0;
			knownRegions = (
				en,
				Base,
			);
			mainGroup = EEE08AA1249E94B900256C6D;
			productRefGroup = EEE08AAB249E94B900256C6D /* Products */;
			projectDirPath = "";
			projectRoot = "";
			targets = (
				EEE08AA9249E94B900256C6D /* TwitterClone */,
			);
		};
/* End PBXProject section */

/* Begin PBXResourcesBuildPhase section */
		EEE08AA8249E94B900256C6D /* Resources */ = {
			isa = PBXResourcesBuildPhase;
			buildActionMask = 2147483647;
			files = (
				EEE08ABA249E94BC00256C6D /* LaunchScreen.storyboard in Resources */,
				EEE08AB7249E94BC00256C6D /* Assets.xcassets in Resources */,
				EEE08AB5249E94B900256C6D /* Main.storyboard in Resources */,
			);
			runOnlyForDeploymentPostprocessing = 0;
		};
/* End PBXResourcesBuildPhase section */

/* Begin PBXSourcesBuildPhase section */
		EEE08AA6249E94B900256C6D /* Sources */ = {
			isa = PBXSourcesBuildPhase;
			buildActionMask = 2147483647;
			files = (
				EEE08ACE249E987C00256C6D /* NotificationsController.swift in Sources */,
				EEE08AD0249E988B00256C6D /* ConversationsController.swift in Sources */,
				EE0B096824A02403003772F2 /* Utilities.swift in Sources */,
				EEE08AAE249E94B900256C6D /* AppDelegate.swift in Sources */,
				EEE08AD2249EA0DD00256C6D /* Extensions.swift in Sources */,
				EE0B096424A01E17003772F2 /* LoginController.swift in Sources */,
				EEE08ACC249E986E00256C6D /* ExploreController.swift in Sources */,
				EEE08AB0249E94B900256C6D /* SceneDelegate.swift in Sources */,
				EEE08AC8249E95CF00256C6D /* MainTabController.swift in Sources */,
				EE0B096624A01EAF003772F2 /* RegistrationController.swift in Sources */,
				EEE08ACA249E982200256C6D /* FeedController.swift in Sources */,
			);
			runOnlyForDeploymentPostprocessing = 0;
		};
/* End PBXSourcesBuildPhase section */

/* Begin PBXVariantGroup section */
		EEE08AB3249E94B900256C6D /* Main.storyboard */ = {
			isa = PBXVariantGroup;
			children = (
				EEE08AB4249E94B900256C6D /* Base */,
			);
			name = Main.storyboard;
			sourceTree = "<group>";
		};
		EEE08AB8249E94BC00256C6D /* LaunchScreen.storyboard */ = {
			isa = PBXVariantGroup;
			children = (
				EEE08AB9249E94BC00256C6D /* Base */,
			);
			name = LaunchScreen.storyboard;
			sourceTree = "<group>";
		};
/* End PBXVariantGroup section */

/* Begin XCBuildConfiguration section */
		EEE08ABC249E94BC00256C6D /* Debug */ = {
			isa = XCBuildConfiguration;
			buildSettings = {
				ALWAYS_SEARCH_USER_PATHS = NO;
				CLANG_ANALYZER_NONNULL = YES;
				CLANG_ANALYZER_NUMBER_OBJECT_CONVERSION = YES_AGGRESSIVE;
				CLANG_CXX_LANGUAGE_STANDARD = "gnu++14";
				CLANG_CXX_LIBRARY = "libc++";
				CLANG_ENABLE_MODULES = YES;
				CLANG_ENABLE_OBJC_ARC = YES;
				CLANG_ENABLE_OBJC_WEAK = YES;
				CLANG_WARN_BLOCK_CAPTURE_AUTORELEASING = YES;
				CLANG_WARN_BOOL_CONVERSION = YES;
				CLANG_WARN_COMMA = YES;
				CLANG_WARN_CONSTANT_CONVERSION = YES;
				CLANG_WARN_DEPRECATED_OBJC_IMPLEMENTATIONS = YES;
				CLANG_WARN_DIRECT_OBJC_ISA_USAGE = YES_ERROR;
				CLANG_WARN_DOCUMENTATION_COMMENTS = YES;
				CLANG_WARN_EMPTY_BODY = YES;
				CLANG_WARN_ENUM_CONVERSION = YES;
				CLANG_WARN_INFINITE_RECURSION = YES;
				CLANG_WARN_INT_CONVERSION = YES;
				CLANG_WARN_NON_LITERAL_NULL_CONVERSION = YES;
				CLANG_WARN_OBJC_IMPLICIT_RETAIN_SELF = YES;
				CLANG_WARN_OBJC_LITERAL_CONVERSION = YES;
				CLANG_WARN_OBJC_ROOT_CLASS = YES_ERROR;
				CLANG_WARN_RANGE_LOOP_ANALYSIS = YES;
				CLANG_WARN_STRICT_PROTOTYPES = YES;
				CLANG_WARN_SUSPICIOUS_MOVE = YES;
				CLANG_WARN_UNGUARDED_AVAILABILITY = YES_AGGRESSIVE;
				CLANG_WARN_UNREACHABLE_CODE = YES;
				CLANG_WARN__DUPLICATE_METHOD_MATCH = YES;
				COPY_PHASE_STRIP = NO;
				DEBUG_INFORMATION_FORMAT = dwarf;
				ENABLE_STRICT_OBJC_MSGSEND = YES;
				ENABLE_TESTABILITY = YES;
				GCC_C_LANGUAGE_STANDARD = gnu11;
				GCC_DYNAMIC_NO_PIC = NO;
				GCC_NO_COMMON_BLOCKS = YES;
				GCC_OPTIMIZATION_LEVEL = 0;
				GCC_PREPROCESSOR_DEFINITIONS = (
					"DEBUG=1",
					"$(inherited)",
				);
				GCC_WARN_64_TO_32_BIT_CONVERSION = YES;
				GCC_WARN_ABOUT_RETURN_TYPE = YES_ERROR;
				GCC_WARN_UNDECLARED_SELECTOR = YES;
				GCC_WARN_UNINITIALIZED_AUTOS = YES_AGGRESSIVE;
				GCC_WARN_UNUSED_FUNCTION = YES;
				GCC_WARN_UNUSED_VARIABLE = YES;
				IPHONEOS_DEPLOYMENT_TARGET = 13.5;
				MTL_ENABLE_DEBUG_INFO = INCLUDE_SOURCE;
				MTL_FAST_MATH = YES;
				ONLY_ACTIVE_ARCH = YES;
				SDKROOT = iphoneos;
				SWIFT_ACTIVE_COMPILATION_CONDITIONS = DEBUG;
				SWIFT_OPTIMIZATION_LEVEL = "-Onone";
			};
			name = Debug;
		};
		EEE08ABD249E94BC00256C6D /* Release */ = {
			isa = XCBuildConfiguration;
			buildSettings = {
				ALWAYS_SEARCH_USER_PATHS = NO;
				CLANG_ANALYZER_NONNULL = YES;
				CLANG_ANALYZER_NUMBER_OBJECT_CONVERSION = YES_AGGRESSIVE;
				CLANG_CXX_LANGUAGE_STANDARD = "gnu++14";
				CLANG_CXX_LIBRARY = "libc++";
				CLANG_ENABLE_MODULES = YES;
				CLANG_ENABLE_OBJC_ARC = YES;
				CLANG_ENABLE_OBJC_WEAK = YES;
				CLANG_WARN_BLOCK_CAPTURE_AUTORELEASING = YES;
				CLANG_WARN_BOOL_CONVERSION = YES;
				CLANG_WARN_COMMA = YES;
				CLANG_WARN_CONSTANT_CONVERSION = YES;
				CLANG_WARN_DEPRECATED_OBJC_IMPLEMENTATIONS = YES;
				CLANG_WARN_DIRECT_OBJC_ISA_USAGE = YES_ERROR;
				CLANG_WARN_DOCUMENTATION_COMMENTS = YES;
				CLANG_WARN_EMPTY_BODY = YES;
				CLANG_WARN_ENUM_CONVERSION = YES;
				CLANG_WARN_INFINITE_RECURSION = YES;
				CLANG_WARN_INT_CONVERSION = YES;
				CLANG_WARN_NON_LITERAL_NULL_CONVERSION = YES;
				CLANG_WARN_OBJC_IMPLICIT_RETAIN_SELF = YES;
				CLANG_WARN_OBJC_LITERAL_CONVERSION = YES;
				CLANG_WARN_OBJC_ROOT_CLASS = YES_ERROR;
				CLANG_WARN_RANGE_LOOP_ANALYSIS = YES;
				CLANG_WARN_STRICT_PROTOTYPES = YES;
				CLANG_WARN_SUSPICIOUS_MOVE = YES;
				CLANG_WARN_UNGUARDED_AVAILABILITY = YES_AGGRESSIVE;
				CLANG_WARN_UNREACHABLE_CODE = YES;
				CLANG_WARN__DUPLICATE_METHOD_MATCH = YES;
				COPY_PHASE_STRIP = NO;
				DEBUG_INFORMATION_FORMAT = "dwarf-with-dsym";
				ENABLE_NS_ASSERTIONS = NO;
				ENABLE_STRICT_OBJC_MSGSEND = YES;
				GCC_C_LANGUAGE_STANDARD = gnu11;
				GCC_NO_COMMON_BLOCKS = YES;
				GCC_WARN_64_TO_32_BIT_CONVERSION = YES;
				GCC_WARN_ABOUT_RETURN_TYPE = YES_ERROR;
				GCC_WARN_UNDECLARED_SELECTOR = YES;
				GCC_WARN_UNINITIALIZED_AUTOS = YES_AGGRESSIVE;
				GCC_WARN_UNUSED_FUNCTION = YES;
				GCC_WARN_UNUSED_VARIABLE = YES;
				IPHONEOS_DEPLOYMENT_TARGET = 13.5;
				MTL_ENABLE_DEBUG_INFO = NO;
				MTL_FAST_MATH = YES;
				SDKROOT = iphoneos;
				SWIFT_COMPILATION_MODE = wholemodule;
				SWIFT_OPTIMIZATION_LEVEL = "-O";
				VALIDATE_PRODUCT = YES;
			};
			name = Release;
		};
		EEE08ABF249E94BC00256C6D /* Debug */ = {
			isa = XCBuildConfiguration;
			buildSettings = {
				ASSETCATALOG_COMPILER_APPICON_NAME = AppIcon;
				CODE_SIGN_STYLE = Automatic;
				DEVELOPMENT_TEAM = 28TYCU28PG;
				INFOPLIST_FILE = TwitterClone/Info.plist;
				LD_RUNPATH_SEARCH_PATHS = (
					"$(inherited)",
					"@executable_path/Frameworks",
				);
				PRODUCT_BUNDLE_IDENTIFIER = com.apurvadeshmukh.TwitterClone;
				PRODUCT_NAME = "$(TARGET_NAME)";
				SWIFT_VERSION = 5.0;
				TARGETED_DEVICE_FAMILY = "1,2";
			};
			name = Debug;
		};
		EEE08AC0249E94BC00256C6D /* Release */ = {
			isa = XCBuildConfiguration;
			buildSettings = {
				ASSETCATALOG_COMPILER_APPICON_NAME = AppIcon;
				CODE_SIGN_STYLE = Automatic;
				DEVELOPMENT_TEAM = 28TYCU28PG;
				INFOPLIST_FILE = TwitterClone/Info.plist;
				LD_RUNPATH_SEARCH_PATHS = (
					"$(inherited)",
					"@executable_path/Frameworks",
				);
				PRODUCT_BUNDLE_IDENTIFIER = com.apurvadeshmukh.TwitterClone;
				PRODUCT_NAME = "$(TARGET_NAME)";
				SWIFT_VERSION = 5.0;
				TARGETED_DEVICE_FAMILY = "1,2";
			};
			name = Release;
		};
/* End XCBuildConfiguration section */

/* Begin XCConfigurationList section */
		EEE08AA5249E94B900256C6D /* Build configuration list for PBXProject "TwitterClone" */ = {
			isa = XCConfigurationList;
			buildConfigurations = (
				EEE08ABC249E94BC00256C6D /* Debug */,
				EEE08ABD249E94BC00256C6D /* Release */,
			);
			defaultConfigurationIsVisible = 0;
			defaultConfigurationName = Release;
		};
		EEE08ABE249E94BC00256C6D /* Build configuration list for PBXNativeTarget "TwitterClone" */ = {
			isa = XCConfigurationList;
			buildConfigurations = (
				EEE08ABF249E94BC00256C6D /* Debug */,
				EEE08AC0249E94BC00256C6D /* Release */,
			);
			defaultConfigurationIsVisible = 0;
			defaultConfigurationName = Release;
		};
/* End XCConfigurationList section */
	};
	rootObject = EEE08AA2249E94B900256C6D /* Project object */;
}
